
Microsoft Visual Studio Solution File, Format Version 12.00
# Visual Studio 15
VisualStudioVersion = 15.0.27701.1
MinimumVisualStudioVersion = 10.0.40219.1
Project("{9A19103F-16F7-4668-BE54-9A1E7A4F7556}") = "AuctionApp", "AuctionApp\AuctionApp.csproj", "{F3294615-89F0-42CA-A258-5722C854FEF4}"
EndProject
Project("{9A19103F-16F7-4668-BE54-9A1E7A4F7556}") = "Microsoft.AspNetCore.Authentication.AzureADB2C.UI", "Microsoft.AspNetCore.Authentication.AzureADB2C.UI\Microsoft.AspNetCore.Authentication.AzureADB2C.UI.csproj", "{730DA9CA-DDB8-4858-8BA9-BEE24A6D4522}"
EndProject
Global
	GlobalSection(SolutionConfigurationPlatforms) = preSolution
		Debug|Any CPU = Debug|Any CPU
		Release|Any CPU = Release|Any CPU
	EndGlobalSection
	GlobalSection(ProjectConfigurationPlatforms) = postSolution
		{F3294615-89F0-42CA-A258-5722C854FEF4}.Debug|Any CPU.ActiveCfg = Debug|Any CPU
		{F3294615-89F0-42CA-A258-5722C854FEF4}.Debug|Any CPU.Build.0 = Debug|Any CPU
		{F3294615-89F0-42CA-A258-5722C854FEF4}.Release|Any CPU.ActiveCfg = Release|Any CPU
		{F3294615-89F0-42CA-A258-5722C854FEF4}.Release|Any CPU.Build.0 = Release|Any CPU
		{730DA9CA-DDB8-4858-8BA9-BEE24A6D4522}.Debug|Any CPU.ActiveCfg = Debug|Any CPU
		{730DA9CA-DDB8-4858-8BA9-BEE24A6D4522}.Debug|Any CPU.Build.0 = Debug|Any CPU
		{730DA9CA-DDB8-4858-8BA9-BEE24A6D4522}.Release|Any CPU.ActiveCfg = Release|Any CPU
		{730DA9CA-DDB8-4858-8BA9-BEE24A6D4522}.Release|Any CPU.Build.0 = Release|Any CPU
	EndGlobalSection
	GlobalSection(SolutionProperties) = preSolution
		HideSolutionNode = FALSE
	EndGlobalSection
	GlobalSection(ExtensibilityGlobals) = postSolution
		SolutionGuid = {016305DB-1C89-43D4-8377-3F6C5D8C8997}
	EndGlobalSection
EndGlobal
